// !$*UTF8*$!
{
	archiveVersion = 1;
	classes = {
	};
	objectVersion = 46;
	objects = {

/* Begin PBXBuildFile section */
		192121BEACA0A021B77D4F41 /* Pods_Leaks.framework in Frameworks */ = {isa = PBXBuildFile; fileRef = FD2C7BFDF28D8BAB91BF1F49 /* Pods_Leaks.framework */; };
		D6D6E2751CE463B00010743F /* AppDelegate.swift in Sources */ = {isa = PBXBuildFile; fileRef = D6D6E2741CE463B00010743F /* AppDelegate.swift */; };
		D6D6E2771CE463B00010743F /* ViewController.swift in Sources */ = {isa = PBXBuildFile; fileRef = D6D6E2761CE463B00010743F /* ViewController.swift */; };
		D6D6E27C1CE463B00010743F /* Assets.xcassets in Resources */ = {isa = PBXBuildFile; fileRef = D6D6E27B1CE463B00010743F /* Assets.xcassets */; };
		D6D6E2871CE469180010743F /* MainUINavigationController.swift in Sources */ = {isa = PBXBuildFile; fileRef = D6D6E2861CE469180010743F /* MainUINavigationController.swift */; };
		D6EB8FF61CE4873000336DD8 /* LaunchScreen.storyboard in Resources */ = {isa = PBXBuildFile; fileRef = D6EB8FF31CE4873000336DD8 /* LaunchScreen.storyboard */; };
/* End PBXBuildFile section */

/* Begin PBXFileReference section */
		A386C627143A400BAC516E51 /* Pods-Leaks.debug.xcconfig */ = {isa = PBXFileReference; includeInIndex = 1; lastKnownFileType = text.xcconfig; name = "Pods-Leaks.debug.xcconfig"; path = "Pods/Target Support Files/Pods-Leaks/Pods-Leaks.debug.xcconfig"; sourceTree = "<group>"; };
		AA13AD5F964BAB95DEB0452F /* Pods-Leaks.release.xcconfig */ = {isa = PBXFileReference; includeInIndex = 1; lastKnownFileType = text.xcconfig; name = "Pods-Leaks.release.xcconfig"; path = "Pods/Target Support Files/Pods-Leaks/Pods-Leaks.release.xcconfig"; sourceTree = "<group>"; };
		D6D6E2711CE463B00010743F /* Leaks.app */ = {isa = PBXFileReference; explicitFileType = wrapper.application; includeInIndex = 0; path = Leaks.app; sourceTree = BUILT_PRODUCTS_DIR; };
		D6D6E2741CE463B00010743F /* AppDelegate.swift */ = {isa = PBXFileReference; lastKnownFileType = sourcecode.swift; path = AppDelegate.swift; sourceTree = "<group>"; };
		D6D6E2761CE463B00010743F /* ViewController.swift */ = {isa = PBXFileReference; lastKnownFileType = sourcecode.swift; path = ViewController.swift; sourceTree = "<group>"; };
		D6D6E27B1CE463B00010743F /* Assets.xcassets */ = {isa = PBXFileReference; lastKnownFileType = folder.assetcatalog; path = Assets.xcassets; sourceTree = "<group>"; };
		D6D6E2801CE463B00010743F /* Info.plist */ = {isa = PBXFileReference; lastKnownFileType = text.plist.xml; path = Info.plist; sourceTree = "<group>"; };
		D6D6E2861CE469180010743F /* MainUINavigationController.swift */ = {isa = PBXFileReference; fileEncoding = 4; lastKnownFileType = sourcecode.swift; path = MainUINavigationController.swift; sourceTree = "<group>"; };
		D6EB8FF41CE4873000336DD8 /* Base */ = {isa = PBXFileReference; lastKnownFileType = file.storyboard; name = Base; path = Base.lproj/LaunchScreen.storyboard; sourceTree = "<group>"; };
		FD2C7BFDF28D8BAB91BF1F49 /* Pods_Leaks.framework */ = {isa = PBXFileReference; explicitFileType = wrapper.framework; includeInIndex = 0; path = Pods_Leaks.framework; sourceTree = BUILT_PRODUCTS_DIR; };
/* End PBXFileReference section */

/* Begin PBXFrameworksBuildPhase section */
		D6D6E26E1CE463B00010743F /* Frameworks */ = {
			isa = PBXFrameworksBuildPhase;
			buildActionMask = 2147483647;
			files = (
				192121BEACA0A021B77D4F41 /* Pods_Leaks.framework in Frameworks */,
			);
			runOnlyForDeploymentPostprocessing = 0;
		};
/* End PBXFrameworksBuildPhase section */

/* Begin PBXGroup section */
		42B7C14E5446EA841431E98F /* Frameworks */ = {
			isa = PBXGroup;
			children = (
				FD2C7BFDF28D8BAB91BF1F49 /* Pods_Leaks.framework */,
			);
			name = Frameworks;
			sourceTree = "<group>";
		};
		9C66FE64C39F2D477DEF3C12 /* Pods */ = {
			isa = PBXGroup;
			children = (
				A386C627143A400BAC516E51 /* Pods-Leaks.debug.xcconfig */,
				AA13AD5F964BAB95DEB0452F /* Pods-Leaks.release.xcconfig */,
			);
			name = Pods;
			sourceTree = "<group>";
		};
		D6D6E2681CE463B00010743F = {
			isa = PBXGroup;
			children = (
				D6D6E2731CE463B00010743F /* Leaks */,
				D6D6E2721CE463B00010743F /* Products */,
				9C66FE64C39F2D477DEF3C12 /* Pods */,
				42B7C14E5446EA841431E98F /* Frameworks */,
			);
			sourceTree = "<group>";
		};
		D6D6E2721CE463B00010743F /* Products */ = {
			isa = PBXGroup;
			children = (
				D6D6E2711CE463B00010743F /* Leaks.app */,
			);
			name = Products;
			sourceTree = "<group>";
		};
		D6D6E2731CE463B00010743F /* Leaks */ = {
			isa = PBXGroup;
			children = (
				D6EB8FF31CE4873000336DD8 /* LaunchScreen.storyboard */,
				D6D6E2741CE463B00010743F /* AppDelegate.swift */,
				D6D6E2761CE463B00010743F /* ViewController.swift */,
				D6D6E2861CE469180010743F /* MainUINavigationController.swift */,
				D6D6E27B1CE463B00010743F /* Assets.xcassets */,
				D6D6E2801CE463B00010743F /* Info.plist */,
			);
			path = Leaks;
			sourceTree = "<group>";
		};
/* End PBXGroup section */

/* Begin PBXNativeTarget section */
		D6D6E2701CE463B00010743F /* Leaks */ = {
			isa = PBXNativeTarget;
			buildConfigurationList = D6D6E2831CE463B00010743F /* Build configuration list for PBXNativeTarget "Leaks" */;
			buildPhases = (
				21A012C1464533957E096FF0 /* Check Pods Manifest.lock */,
				D6D6E26D1CE463B00010743F /* Sources */,
				D6D6E26E1CE463B00010743F /* Frameworks */,
				D6D6E26F1CE463B00010743F /* Resources */,
				140442A2131C884BB37F72C2 /* Embed Pods Frameworks */,
				A138C3FEC1EB872B4290C49D /* Copy Pods Resources */,
			);
			buildRules = (
			);
			dependencies = (
			);
			name = Leaks;
			productName = Leaks;
			productReference = D6D6E2711CE463B00010743F /* Leaks.app */;
			productType = "com.apple.product-type.application";
		};
/* End PBXNativeTarget section */

/* Begin PBXProject section */
		D6D6E2691CE463B00010743F /* Project object */ = {
			isa = PBXProject;
			attributes = {
				LastSwiftUpdateCheck = 0730;
				LastUpgradeCheck = 0730;
				ORGANIZATIONNAME = iamszabo;
				TargetAttributes = {
					D6D6E2701CE463B00010743F = {
						CreatedOnToolsVersion = 7.3.1;
					};
				};
			};
			buildConfigurationList = D6D6E26C1CE463B00010743F /* Build configuration list for PBXProject "Leaks" */;
			compatibilityVersion = "Xcode 3.2";
			developmentRegion = English;
			hasScannedForEncodings = 0;
			knownRegions = (
				en,
				Base,
			);
			mainGroup = D6D6E2681CE463B00010743F;
			productRefGroup = D6D6E2721CE463B00010743F /* Products */;
			projectDirPath = "";
			projectRoot = "";
			targets = (
				D6D6E2701CE463B00010743F /* Leaks */,
			);
		};
/* End PBXProject section */

/* Begin PBXResourcesBuildPhase section */
		D6D6E26F1CE463B00010743F /* Resources */ = {
			isa = PBXResourcesBuildPhase;
			buildActionMask = 2147483647;
			files = (
				D6EB8FF61CE4873000336DD8 /* LaunchScreen.storyboard in Resources */,
				D6D6E27C1CE463B00010743F /* Assets.xcassets in Resources */,
			);
			runOnlyForDeploymentPostprocessing = 0;
		};
/* End PBXResourcesBuildPhase section */

/* Begin PBXShellScriptBuildPhase section */
		140442A2131C884BB37F72C2 /* Embed Pods Frameworks */ = {
			isa = PBXShellScriptBuildPhase;
			buildActionMask = 2147483647;
			files = (
			);
			inputPaths = (
			);
			name = "Embed Pods Frameworks";
			outputPaths = (
			);
			runOnlyForDeploymentPostprocessing = 0;
			shellPath = /bin/sh;
			shellScript = "\"${SRCROOT}/Pods/Target Support Files/Pods-Leaks/Pods-Leaks-frameworks.sh\"\n";
			showEnvVarsInLog = 0;
		};
		21A012C1464533957E096FF0 /* Check Pods Manifest.lock */ = {
			isa = PBXShellScriptBuildPhase;
			buildActionMask = 2147483647;
			files = (
			);
			inputPaths = (
			);
			name = "Check Pods Manifest.lock";
			outputPaths = (
			);
			runOnlyForDeploymentPostprocessing = 0;
			shellPath = /bin/sh;
			shellScript = "diff \"${PODS_ROOT}/../Podfile.lock\" \"${PODS_ROOT}/Manifest.lock\" > /dev/null\nif [[ $? != 0 ]] ; then\n    cat << EOM\nerror: The sandbox is not in sync with the Podfile.lock. Run 'pod install' or update your CocoaPods installation.\nEOM\n    exit 1\nfi\n";
			showEnvVarsInLog = 0;
		};
		A138C3FEC1EB872B4290C49D /* Copy Pods Resources */ = {
			isa = PBXShellScriptBuildPhase;
			buildActionMask = 2147483647;
			files = (
			);
			inputPaths = (
			);
			name = "Copy Pods Resources";
			outputPaths = (
			);
			runOnlyForDeploymentPostprocessing = 0;
			shellPath = /bin/sh;
			shellScript = "\"${SRCROOT}/Pods/Target Support Files/Pods-Leaks/Pods-Leaks-resources.sh\"\n";
			showEnvVarsInLog = 0;
		};
/* End PBXShellScriptBuildPhase section */

/* Begin PBXSourcesBuildPhase section */
		D6D6E26D1CE463B00010743F /* Sources */ = {
			isa = PBXSourcesBuildPhase;
			buildActionMask = 2147483647;
			files = (
				D6D6E2871CE469180010743F /* MainUINavigationController.swift in Sources */,
				D6D6E2771CE463B00010743F /* ViewController.swift in Sources */,
				D6D6E2751CE463B00010743F /* AppDelegate.swift in Sources */,
			);
			runOnlyForDeploymentPostprocessing = 0;
		};
/* End PBXSourcesBuildPhase section */

/* Begin PBXVariantGroup section */
		D6EB8FF31CE4873000336DD8 /* LaunchScreen.storyboard */ = {
			isa = PBXVariantGroup;
			children = (
				D6EB8FF41CE4873000336DD8 /* Base */,
			);
			name = LaunchScreen.storyboard;
			sourceTree = "<group>";
		};
/* End PBXVariantGroup section */

/* Begin XCBuildConfiguration section */
		D6D6E2811CE463B00010743F /* Debug */ = {
			isa = XCBuildConfiguration;
			buildSettings = {
				ALWAYS_SEARCH_USER_PATHS = NO;
				CLANG_ANALYZER_NONNULL = YES;
				CLANG_CXX_LANGUAGE_STANDARD = "gnu++0x";
				CLANG_CXX_LIBRARY = "libc++";
				CLANG_ENABLE_MODULES = YES;
				CLANG_ENABLE_OBJC_ARC = YES;
				CLANG_WARN_BOOL_CONVERSION = YES;
				CLANG_WARN_CONSTANT_CONVERSION = YES;
				CLANG_WARN_DIRECT_OBJC_ISA_USAGE = YES_ERROR;
				CLANG_WARN_EMPTY_BODY = YES;
				CLANG_WARN_ENUM_CONVERSION = YES;
				CLANG_WARN_INT_CONVERSION = YES;
				CLANG_WARN_OBJC_ROOT_CLASS = YES_ERROR;
				CLANG_WARN_UNREACHABLE_CODE = YES;
				CLANG_WARN__DUPLICATE_METHOD_MATCH = YES;
				"CODE_SIGN_IDENTITY[sdk=iphoneos*]" = "iPhone Developer";
				COPY_PHASE_STRIP = NO;
				DEBUG_INFORMATION_FORMAT = dwarf;
				ENABLE_STRICT_OBJC_MSGSEND = YES;
				ENABLE_TESTABILITY = YES;
				GCC_C_LANGUAGE_STANDARD = gnu99;
				GCC_DYNAMIC_NO_PIC = NO;
				GCC_NO_COMMON_BLOCKS = YES;
				GCC_OPTIMIZATION_LEVEL = 0;
				GCC_PREPROCESSOR_DEFINITIONS = (
					"DEBUG=1",
					"$(inherited)",
				);
				GCC_WARN_64_TO_32_BIT_CONVERSION = YES;
				GCC_WARN_ABOUT_RETURN_TYPE = YES_ERROR;
				GCC_WARN_UNDECLARED_SELECTOR = YES;
				GCC_WARN_UNINITIALIZED_AUTOS = YES_AGGRESSIVE;
				GCC_WARN_UNUSED_FUNCTION = YES;
				GCC_WARN_UNUSED_VARIABLE = YES;
				IPHONEOS_DEPLOYMENT_TARGET = 9.3;
				MTL_ENABLE_DEBUG_INFO = YES;
				ONLY_ACTIVE_ARCH = YES;
				SDKROOT = iphoneos;
				SWIFT_OPTIMIZATION_LEVEL = "-Onone";
				TARGETED_DEVICE_FAMILY = "1,2";
			};
			name = Debug;
		};
		D6D6E2821CE463B00010743F /* Release */ = {
			isa = XCBuildConfiguration;
			buildSettings = {
				ALWAYS_SEARCH_USER_PATHS = NO;
				CLANG_ANALYZER_NONNULL = YES;
				CLANG_CXX_LANGUAGE_STANDARD = "gnu++0x";
				CLANG_CXX_LIBRARY = "libc++";
				CLANG_ENABLE_MODULES = YES;
				CLANG_ENABLE_OBJC_ARC = YES;
				CLANG_WARN_BOOL_CONVERSION = YES;
				CLANG_WARN_CONSTANT_CONVERSION = YES;
				CLANG_WARN_DIRECT_OBJC_ISA_USAGE = YES_ERROR;
				CLANG_WARN_EMPTY_BODY = YES;
				CLANG_WARN_ENUM_CONVERSION = YES;
				CLANG_WARN_INT_CONVERSION = YES;
				CLANG_WARN_OBJC_ROOT_CLASS = YES_ERROR;
				CLANG_WARN_UNREACHABLE_CODE = YES;
				CLANG_WARN__DUPLICATE_METHOD_MATCH = YES;
				"CODE_SIGN_IDENTITY[sdk=iphoneos*]" = "iPhone Developer";
				COPY_PHASE_STRIP = NO;
				DEBUG_INFORMATION_FORMAT = "dwarf-with-dsym";
				ENABLE_NS_ASSERTIONS = NO;
				ENABLE_STRICT_OBJC_MSGSEND = YES;
				GCC_C_LANGUAGE_STANDARD = gnu99;
				GCC_NO_COMMON_BLOCKS = YES;
				GCC_WARN_64_TO_32_BIT_CONVERSION = YES;
				GCC_WARN_ABOUT_RETURN_TYPE = YES_ERROR;
				GCC_WARN_UNDECLARED_SELECTOR = YES;
				GCC_WARN_UNINITIALIZED_AUTOS = YES_AGGRESSIVE;
				GCC_WARN_UNUSED_FUNCTION = YES;
				GCC_WARN_UNUSED_VARIABLE = YES;
				IPHONEOS_DEPLOYMENT_TARGET = 9.3;
				MTL_ENABLE_DEBUG_INFO = NO;
				SDKROOT = iphoneos;
				TARGETED_DEVICE_FAMILY = "1,2";
				VALIDATE_PRODUCT = YES;
			};
			name = Release;
		};
		D6D6E2841CE463B00010743F /* Debug */ = {
			isa = XCBuildConfiguration;
			baseConfigurationReference = A386C627143A400BAC516E51 /* Pods-Leaks.debug.xcconfig */;
			buildSettings = {
				ASSETCATALOG_COMPILER_APPICON_NAME = AppIcon;
				INFOPLIST_FILE = Leaks/Info.plist;
				LD_RUNPATH_SEARCH_PATHS = "$(inherited) @executable_path/Frameworks";
				PRODUCT_BUNDLE_IDENTIFIER = com.iamszabo.Leaks;
				PRODUCT_NAME = "$(TARGET_NAME)";
			};
			name = Debug;
		};
		D6D6E2851CE463B00010743F /* Release */ = {
			isa = XCBuildConfiguration;
			baseConfigurationReference = AA13AD5F964BAB95DEB0452F /* Pods-Leaks.release.xcconfig */;
			buildSettings = {
				ASSETCATALOG_COMPILER_APPICON_NAME = AppIcon;
				INFOPLIST_FILE = Leaks/Info.plist;
				LD_RUNPATH_SEARCH_PATHS = "$(inherited) @executable_path/Frameworks";
				PRODUCT_BUNDLE_IDENTIFIER = com.iamszabo.Leaks;
				PRODUCT_NAME = "$(TARGET_NAME)";
			};
			name = Release;
		};
/* End XCBuildConfiguration section */

/* Begin XCConfigurationList section */
		D6D6E26C1CE463B00010743F /* Build configuration list for PBXProject "Leaks" */ = {
			isa = XCConfigurationList;
			buildConfigurations = (
				D6D6E2811CE463B00010743F /* Debug */,
				D6D6E2821CE463B00010743F /* Release */,
			);
			defaultConfigurationIsVisible = 0;
			defaultConfigurationName = Release;
		};
		D6D6E2831CE463B00010743F /* Build configuration list for PBXNativeTarget "Leaks" */ = {
			isa = XCConfigurationList;
			buildConfigurations = (
				D6D6E2841CE463B00010743F /* Debug */,
				D6D6E2851CE463B00010743F /* Release */,
			);
			defaultConfigurationIsVisible = 0;
			defaultConfigurationName = Release;
		};
/* End XCConfigurationList section */
	};
	rootObject = D6D6E2691CE463B00010743F /* Project object */;
}
